<?xml version="1.0" encoding="UTF-8"?>
<CodeBlocks_project_file>
	<FileVersion major="1" minor="6"/>
	<Project>
		<Option title="converterUNV"/>
		<Option makefile_is_custom="1"/>
		<Option compiler="gcc"/>
		<Option virtualFolders="CMake Files\;"/>
		<Build>
			<Target title="all">
				<Option working_dir="/home/v.korchagova/Документы/BMSTU/RKDG2D/build-converterUNV-Desktop-Default"/>
				<Option type="4"/>
				<MakeCommands>
					<Build command="/usr/bin/gmake -j4 -f &quot;/home/v.korchagova/Документы/BMSTU/RKDG2D/build-converterUNV-Desktop-Default/Makefile&quot;  VERBOSE=1 all"/>
					<CompileFile command="/usr/bin/gmake -j4 -f &quot;/home/v.korchagova/Документы/BMSTU/RKDG2D/build-converterUNV-Desktop-Default/Makefile&quot;  VERBOSE=1 &quot;$file&quot;"/>
					<Clean command="/usr/bin/gmake -j4 -f &quot;/home/v.korchagova/Документы/BMSTU/RKDG2D/build-converterUNV-Desktop-Default/Makefile&quot;  VERBOSE=1 clean"/>
					<DistClean command="/usr/bin/gmake -j4 -f &quot;/home/v.korchagova/Документы/BMSTU/RKDG2D/build-converterUNV-Desktop-Default/Makefile&quot;  VERBOSE=1 clean"/>
				</MakeCommands>
			</Target>
			<Target title="rebuild_cache">
				<Option working_dir="/home/v.korchagova/Документы/BMSTU/RKDG2D/build-converterUNV-Desktop-Default"/>
				<Option type="4"/>
				<MakeCommands>
					<Build command="/usr/bin/gmake -j4 -f &quot;/home/v.korchagova/Документы/BMSTU/RKDG2D/build-converterUNV-Desktop-Default/Makefile&quot;  VERBOSE=1 rebuild_cache"/>
					<CompileFile command="/usr/bin/gmake -j4 -f &quot;/home/v.korchagova/Документы/BMSTU/RKDG2D/build-converterUNV-Desktop-Default/Makefile&quot;  VERBOSE=1 &quot;$file&quot;"/>
					<Clean command="/usr/bin/gmake -j4 -f &quot;/home/v.korchagova/Документы/BMSTU/RKDG2D/build-converterUNV-Desktop-Default/Makefile&quot;  VERBOSE=1 clean"/>
					<DistClean command="/usr/bin/gmake -j4 -f &quot;/home/v.korchagova/Документы/BMSTU/RKDG2D/build-converterUNV-Desktop-Default/Makefile&quot;  VERBOSE=1 clean"/>
				</MakeCommands>
			</Target>
			<Target title="converterUNV">
				<Option output="/home/v.korchagova/Документы/BMSTU/RKDG2D/build-converterUNV-Desktop-Default/converterUNV" prefix_auto="0" extension_auto="0"/>
				<Option working_dir="/home/v.korchagova/Документы/BMSTU/RKDG2D/build-converterUNV-Desktop-Default"/>
				<Option object_output="./"/>
				<Option type="1"/>
				<Option compiler="gcc"/>
				<Compiler>
					<Add directory="/usr/lib/gcc/x86_64-redhat-linux/7/../../../../include/c++/7"/>
					<Add directory="/usr/lib/gcc/x86_64-redhat-linux/7/../../../../include/c++/7/x86_64-redhat-linux"/>
					<Add directory="/usr/lib/gcc/x86_64-redhat-linux/7/../../../../include/c++/7/backward"/>
					<Add directory="/usr/lib/gcc/x86_64-redhat-linux/7/include"/>
					<Add directory="/usr/local/include"/>
					<Add directory="/usr/include"/>
				</Compiler>
				<MakeCommands>
					<Build command="/usr/bin/gmake -j4 -f &quot;/home/v.korchagova/Документы/BMSTU/RKDG2D/build-converterUNV-Desktop-Default/Makefile&quot;  VERBOSE=1 converterUNV"/>
					<CompileFile command="/usr/bin/gmake -j4 -f &quot;/home/v.korchagova/Документы/BMSTU/RKDG2D/build-converterUNV-Desktop-Default/Makefile&quot;  VERBOSE=1 &quot;$file&quot;"/>
					<Clean command="/usr/bin/gmake -j4 -f &quot;/home/v.korchagova/Документы/BMSTU/RKDG2D/build-converterUNV-Desktop-Default/Makefile&quot;  VERBOSE=1 clean"/>
					<DistClean command="/usr/bin/gmake -j4 -f &quot;/home/v.korchagova/Документы/BMSTU/RKDG2D/build-converterUNV-Desktop-Default/Makefile&quot;  VERBOSE=1 clean"/>
				</MakeCommands>
			</Target>
			<Target title="converterUNV/fast">
				<Option output="/home/v.korchagova/Документы/BMSTU/RKDG2D/build-converterUNV-Desktop-Default/converterUNV" prefix_auto="0" extension_auto="0"/>
				<Option working_dir="/home/v.korchagova/Документы/BMSTU/RKDG2D/build-converterUNV-Desktop-Default"/>
				<Option object_output="./"/>
				<Option type="1"/>
				<Option compiler="gcc"/>
				<Compiler>
					<Add directory="/usr/lib/gcc/x86_64-redhat-linux/7/../../../../include/c++/7"/>
					<Add directory="/usr/lib/gcc/x86_64-redhat-linux/7/../../../../include/c++/7/x86_64-redhat-linux"/>
					<Add directory="/usr/lib/gcc/x86_64-redhat-linux/7/../../../../include/c++/7/backward"/>
					<Add directory="/usr/lib/gcc/x86_64-redhat-linux/7/include"/>
					<Add directory="/usr/local/include"/>
					<Add directory="/usr/include"/>
				</Compiler>
				<MakeCommands>
					<Build command="/usr/bin/gmake -j4 -f &quot;/home/v.korchagova/Документы/BMSTU/RKDG2D/build-converterUNV-Desktop-Default/Makefile&quot;  VERBOSE=1 converterUNV/fast"/>
					<CompileFile command="/usr/bin/gmake -j4 -f &quot;/home/v.korchagova/Документы/BMSTU/RKDG2D/build-converterUNV-Desktop-Default/Makefile&quot;  VERBOSE=1 &quot;$file&quot;"/>
					<Clean command="/usr/bin/gmake -j4 -f &quot;/home/v.korchagova/Документы/BMSTU/RKDG2D/build-converterUNV-Desktop-Default/Makefile&quot;  VERBOSE=1 clean"/>
					<DistClean command="/usr/bin/gmake -j4 -f &quot;/home/v.korchagova/Документы/BMSTU/RKDG2D/build-converterUNV-Desktop-Default/Makefile&quot;  VERBOSE=1 clean"/>
				</MakeCommands>
			</Target>
			<Target title="edit_cache">
				<Option working_dir="/home/v.korchagova/Документы/BMSTU/RKDG2D/build-converterUNV-Desktop-Default"/>
				<Option type="4"/>
				<MakeCommands>
					<Build command="/usr/bin/gmake -j4 -f &quot;/home/v.korchagova/Документы/BMSTU/RKDG2D/build-converterUNV-Desktop-Default/Makefile&quot;  VERBOSE=1 edit_cache"/>
					<CompileFile command="/usr/bin/gmake -j4 -f &quot;/home/v.korchagova/Документы/BMSTU/RKDG2D/build-converterUNV-Desktop-Default/Makefile&quot;  VERBOSE=1 &quot;$file&quot;"/>
					<Clean command="/usr/bin/gmake -j4 -f &quot;/home/v.korchagova/Документы/BMSTU/RKDG2D/build-converterUNV-Desktop-Default/Makefile&quot;  VERBOSE=1 clean"/>
					<DistClean command="/usr/bin/gmake -j4 -f &quot;/home/v.korchagova/Документы/BMSTU/RKDG2D/build-converterUNV-Desktop-Default/Makefile&quot;  VERBOSE=1 clean"/>
				</MakeCommands>
			</Target>
		</Build>
		<Unit filename="/home/v.korchagova/Документы/BMSTU/RKDG2D/converterUNV/FileConverter.cpp">
			<Option target="converterUNV"/>
		</Unit>
		<Unit filename="/home/v.korchagova/Документы/BMSTU/RKDG2D/converterUNV/FileConverter.h">
			<Option target="converterUNV"/>
		</Unit>
		<Unit filename="/home/v.korchagova/Документы/BMSTU/RKDG2D/converterUNV/main.cpp">
			<Option target="converterUNV"/>
		</Unit>
		<Unit filename="/home/v.korchagova/Документы/BMSTU/RKDG2D/converterUNV/CMakeLists.txt">
			<Option virtualFolder="CMake Files\"/>
		</Unit>
	</Project>
</CodeBlocks_project_file>
